# THIS IS AN AUTOGENERATED FILE. DO NOT EDIT THIS FILE DIRECTLY.
# yarn lockfile v1


"@types/uuid@8.3.0":
  version "8.3.0"
  resolved "https://registry.yarnpkg.com/@types/uuid/-/uuid-8.3.0.tgz#215c231dff736d5ba92410e6d602050cce7e273f"
  integrity sha512-eQ9qFW/fhfGJF8WKHGEHZEyVWfZxrT+6CLIJGBcZPfxUh/+BnEj+UCGYMlr9qZuX/2AltsvwrGqp0LhEW8D0zQ==

js-cookie@^2.2.1:
  version "2.2.1"
  resolved "https://registry.yarnpkg.com/js-cookie/-/js-cookie-2.2.1.tgz#69e106dc5d5806894562902aa5baec3744e9b2b8"
  integrity sha512-HvdH2LzI/EAZcUwA8+0nKNtWHqS+ZmijLA30RwZA0bo7ToCckjK5MkGhjED9KoRcXO6BaGI3I9UIzSA1FKFPOQ==

nodemailer@^6.4.16:
  version "6.4.16"
  resolved "https://registry.yarnpkg.com/nodemailer/-/nodemailer-6.4.16.tgz#5cb6391b1d79ab7eff32d6f9f48366b5a7117293"
  integrity sha512-68K0LgZ6hmZ7PVmwL78gzNdjpj5viqBdFqKrTtr9bZbJYj6BRj5W6WGkxXrEnUl3Co3CBXi3CZBUlpV/foGnOQ==

uuid@8.3.0:
  version "8.3.0"
  resolved "https://registry.yarnpkg.com/uuid/-/uuid-8.3.0.tgz#ab738085ca22dc9a8c92725e459b1d507df5d6ea"
  integrity sha512-fX6Z5o4m6XsXBdli9g7DtWgAx+osMsRRZFKma1mIUsLCz6vRvv+pz5VNbyu9UEDzpMWulZfvpgb/cmDXVulYFQ==

uuidv4@^6.2.3:
  version "6.2.3"
  resolved "https://registry.yarnpkg.com/uuidv4/-/uuidv4-6.2.3.tgz#b478932d508484fda8a6a964fe2b897cca5eede2"
  integrity sha512-4hxGisl76Y6A7nkadg5gMrPGVYVGLmJ3fZHVvmnXsy+8DMA7n7YV/4Y72Fw38CCwpZpyPgOaa/4YxhkCYwyNNQ==
  dependencies:
    "@types/uuid" "8.3.0"
    uuid "8.3.0"
